// !$*UTF8*$!
{
	archiveVersion = 1;
	classes = {
	};
	objectVersion = 56;
	objects = {

/* Begin PBXBuildFile section */
		8D357D2F2A5DB6140013ACE8 /* Box.cpp in Sources */ = {isa = PBXBuildFile; fileRef = 8D357D2A2A5DB6140013ACE8 /* Box.cpp */; };
		8D357D302A5DB6140013ACE8 /* Potential.cpp in Sources */ = {isa = PBXBuildFile; fileRef = 8D357D2B2A5DB6140013ACE8 /* Potential.cpp */; };
		8D357D312A5DB6140013ACE8 /* Util.cpp in Sources */ = {isa = PBXBuildFile; fileRef = 8D357D2C2A5DB6140013ACE8 /* Util.cpp */; };
		8D357D322A5DB6140013ACE8 /* FmmTree.cpp in Sources */ = {isa = PBXBuildFile; fileRef = 8D357D2D2A5DB6140013ACE8 /* FmmTree.cpp */; };
		8D357D332A5DB6140013ACE8 /* Point.cpp in Sources */ = {isa = PBXBuildFile; fileRef = 8D357D2E2A5DB6140013ACE8 /* Point.cpp */; };
		8DD343762A12757F001F5E0F /* main.cpp in Sources */ = {isa = PBXBuildFile; fileRef = 8DD343752A12757F001F5E0F /* main.cpp */; };
/* End PBXBuildFile section */

/* Begin PBXCopyFilesBuildPhase section */
		8DD343702A12757F001F5E0F /* CopyFiles */ = {
			isa = PBXCopyFilesBuildPhase;
			buildActionMask = 2147483647;
			dstPath = /usr/share/man/man1/;
			dstSubfolderSpec = 0;
			files = (
			);
			runOnlyForDeploymentPostprocessing = 1;
		};
/* End PBXCopyFilesBuildPhase section */

/* Begin PBXFileReference section */
		8D357D2A2A5DB6140013ACE8 /* Box.cpp */ = {isa = PBXFileReference; fileEncoding = 4; lastKnownFileType = sourcecode.cpp.cpp; path = Box.cpp; sourceTree = "<group>"; };
		8D357D2B2A5DB6140013ACE8 /* Potential.cpp */ = {isa = PBXFileReference; fileEncoding = 4; lastKnownFileType = sourcecode.cpp.cpp; path = Potential.cpp; sourceTree = "<group>"; };
		8D357D2C2A5DB6140013ACE8 /* Util.cpp */ = {isa = PBXFileReference; fileEncoding = 4; lastKnownFileType = sourcecode.cpp.cpp; path = Util.cpp; sourceTree = "<group>"; };
		8D357D2D2A5DB6140013ACE8 /* FmmTree.cpp */ = {isa = PBXFileReference; fileEncoding = 4; lastKnownFileType = sourcecode.cpp.cpp; path = FmmTree.cpp; sourceTree = "<group>"; };
		8D357D2E2A5DB6140013ACE8 /* Point.cpp */ = {isa = PBXFileReference; fileEncoding = 4; lastKnownFileType = sourcecode.cpp.cpp; path = Point.cpp; sourceTree = "<group>"; };
		8DD343722A12757F001F5E0F /* Coulomb-Energy-Minimizer */ = {isa = PBXFileReference; explicitFileType = "compiled.mach-o.executable"; includeInIndex = 0; path = "Coulomb-Energy-Minimizer"; sourceTree = BUILT_PRODUCTS_DIR; };
		8DD343752A12757F001F5E0F /* main.cpp */ = {isa = PBXFileReference; lastKnownFileType = sourcecode.cpp.cpp; path = main.cpp; sourceTree = "<group>"; };
/* End PBXFileReference section */

/* Begin PBXFrameworksBuildPhase section */
		8DD3436F2A12757F001F5E0F /* Frameworks */ = {
			isa = PBXFrameworksBuildPhase;
			buildActionMask = 2147483647;
			files = (
			);
			runOnlyForDeploymentPostprocessing = 0;
		};
/* End PBXFrameworksBuildPhase section */

/* Begin PBXGroup section */
		8DD343692A12757F001F5E0F = {
			isa = PBXGroup;
			children = (
				8DD343742A12757F001F5E0F /* Coulomb-Energy-Minimizer */,
				8DD343732A12757F001F5E0F /* Products */,
			);
			sourceTree = "<group>";
		};
		8DD343732A12757F001F5E0F /* Products */ = {
			isa = PBXGroup;
			children = (
				8DD343722A12757F001F5E0F /* Coulomb-Energy-Minimizer */,
			);
			name = Products;
			sourceTree = "<group>";
		};
		8DD343742A12757F001F5E0F /* Coulomb-Energy-Minimizer */ = {
			isa = PBXGroup;
			children = (
				8D357D2A2A5DB6140013ACE8 /* Box.cpp */,
				8D357D2D2A5DB6140013ACE8 /* FmmTree.cpp */,
				8D357D2E2A5DB6140013ACE8 /* Point.cpp */,
				8D357D2B2A5DB6140013ACE8 /* Potential.cpp */,
				8D357D2C2A5DB6140013ACE8 /* Util.cpp */,
				8DD343752A12757F001F5E0F /* main.cpp */,
			);
			path = "Coulomb-Energy-Minimizer";
			sourceTree = "<group>";
		};
/* End PBXGroup section */

/* Begin PBXNativeTarget section */
		8DD343712A12757F001F5E0F /* Coulomb-Energy-Minimizer */ = {
			isa = PBXNativeTarget;
			buildConfigurationList = 8DD343792A12757F001F5E0F /* Build configuration list for PBXNativeTarget "Coulomb-Energy-Minimizer" */;
			buildPhases = (
				8DD3436E2A12757F001F5E0F /* Sources */,
				8DD3436F2A12757F001F5E0F /* Frameworks */,
				8DD343702A12757F001F5E0F /* CopyFiles */,
			);
			buildRules = (
			);
			dependencies = (
			);
			name = "Coulomb-Energy-Minimizer";
			productName = "Coulomb-Energy-Minimizer";
			productReference = 8DD343722A12757F001F5E0F /* Coulomb-Energy-Minimizer */;
			productType = "com.apple.product-type.tool";
		};
/* End PBXNativeTarget section */

/* Begin PBXProject section */
		8DD3436A2A12757F001F5E0F /* Project object */ = {
			isa = PBXProject;
			attributes = {
				BuildIndependentTargetsInParallel = 1;
				LastUpgradeCheck = 1420;
				TargetAttributes = {
					8DD343712A12757F001F5E0F = {
						CreatedOnToolsVersion = 14.2;
					};
				};
			};
			buildConfigurationList = 8DD3436D2A12757F001F5E0F /* Build configuration list for PBXProject "Coulomb-Energy-Minimizer" */;
			compatibilityVersion = "Xcode 14.0";
			developmentRegion = en;
			hasScannedForEncodings = 0;
			knownRegions = (
				en,
				Base,
			);
			mainGroup = 8DD343692A12757F001F5E0F;
			productRefGroup = 8DD343732A12757F001F5E0F /* Products */;
			projectDirPath = "";
			projectRoot = "";
			targets = (
				8DD343712A12757F001F5E0F /* Coulomb-Energy-Minimizer */,
			);
		};
/* End PBXProject section */

/* Begin PBXSourcesBuildPhase section */
		8DD3436E2A12757F001F5E0F /* Sources */ = {
			isa = PBXSourcesBuildPhase;
			buildActionMask = 2147483647;
			files = (
				8D357D332A5DB6140013ACE8 /* Point.cpp in Sources */,
				8D357D322A5DB6140013ACE8 /* FmmTree.cpp in Sources */,
				8DD343762A12757F001F5E0F /* main.cpp in Sources */,
				8D357D302A5DB6140013ACE8 /* Potential.cpp in Sources */,
				8D357D2F2A5DB6140013ACE8 /* Box.cpp in Sources */,
				8D357D312A5DB6140013ACE8 /* Util.cpp in Sources */,
			);
			runOnlyForDeploymentPostprocessing = 0;
		};
/* End PBXSourcesBuildPhase section */

/* Begin XCBuildConfiguration section */
		8DD343772A12757F001F5E0F /* Debug */ = {
			isa = XCBuildConfiguration;
			buildSettings = {
				ALWAYS_SEARCH_USER_PATHS = NO;
				CLANG_ANALYZER_NONNULL = YES;
				CLANG_ANALYZER_NUMBER_OBJECT_CONVERSION = YES_AGGRESSIVE;
				CLANG_CXX_LANGUAGE_STANDARD = "gnu++20";
				CLANG_ENABLE_MODULES = YES;
				CLANG_ENABLE_OBJC_ARC = YES;
				CLANG_ENABLE_OBJC_WEAK = YES;
				CLANG_WARN_BLOCK_CAPTURE_AUTORELEASING = YES;
				CLANG_WARN_BOOL_CONVERSION = YES;
				CLANG_WARN_COMMA = YES;
				CLANG_WARN_CONSTANT_CONVERSION = YES;
				CLANG_WARN_DEPRECATED_OBJC_IMPLEMENTATIONS = YES;
				CLANG_WARN_DIRECT_OBJC_ISA_USAGE = YES_ERROR;
				CLANG_WARN_DOCUMENTATION_COMMENTS = YES;
				CLANG_WARN_EMPTY_BODY = YES;
				CLANG_WARN_ENUM_CONVERSION = YES;
				CLANG_WARN_INFINITE_RECURSION = YES;
				CLANG_WARN_INT_CONVERSION = YES;
				CLANG_WARN_NON_LITERAL_NULL_CONVERSION = YES;
				CLANG_WARN_OBJC_IMPLICIT_RETAIN_SELF = YES;
				CLANG_WARN_OBJC_LITERAL_CONVERSION = YES;
				CLANG_WARN_OBJC_ROOT_CLASS = YES_ERROR;
				CLANG_WARN_QUOTED_INCLUDE_IN_FRAMEWORK_HEADER = YES;
				CLANG_WARN_RANGE_LOOP_ANALYSIS = YES;
				CLANG_WARN_STRICT_PROTOTYPES = YES;
				CLANG_WARN_SUSPICIOUS_MOVE = YES;
				CLANG_WARN_UNGUARDED_AVAILABILITY = YES_AGGRESSIVE;
				CLANG_WARN_UNREACHABLE_CODE = YES;
				CLANG_WARN__DUPLICATE_METHOD_MATCH = YES;
				COPY_PHASE_STRIP = NO;
				DEBUG_INFORMATION_FORMAT = dwarf;
				ENABLE_STRICT_OBJC_MSGSEND = YES;
				ENABLE_TESTABILITY = YES;
				GCC_C_LANGUAGE_STANDARD = gnu11;
				GCC_DYNAMIC_NO_PIC = NO;
				GCC_NO_COMMON_BLOCKS = YES;
				GCC_OPTIMIZATION_LEVEL = 0;
				GCC_PREPROCESSOR_DEFINITIONS = (
					"DEBUG=1",
					"$(inherited)",
				);
				GCC_WARN_64_TO_32_BIT_CONVERSION = YES;
				GCC_WARN_ABOUT_RETURN_TYPE = YES_ERROR;
				GCC_WARN_UNDECLARED_SELECTOR = YES;
				GCC_WARN_UNINITIALIZED_AUTOS = YES_AGGRESSIVE;
				GCC_WARN_UNUSED_FUNCTION = YES;
				GCC_WARN_UNUSED_VARIABLE = YES;
				MACOSX_DEPLOYMENT_TARGET = 12.6;
				MTL_ENABLE_DEBUG_INFO = INCLUDE_SOURCE;
				MTL_FAST_MATH = YES;
				ONLY_ACTIVE_ARCH = YES;
				SDKROOT = macosx;
			};
			name = Debug;
		};
		8DD343782A12757F001F5E0F /* Release */ = {
			isa = XCBuildConfiguration;
			buildSettings = {
				ALWAYS_SEARCH_USER_PATHS = NO;
				CLANG_ANALYZER_NONNULL = YES;
				CLANG_ANALYZER_NUMBER_OBJECT_CONVERSION = YES_AGGRESSIVE;
				CLANG_CXX_LANGUAGE_STANDARD = "gnu++20";
				CLANG_ENABLE_MODULES = YES;
				CLANG_ENABLE_OBJC_ARC = YES;
				CLANG_ENABLE_OBJC_WEAK = YES;
				CLANG_WARN_BLOCK_CAPTURE_AUTORELEASING = YES;
				CLANG_WARN_BOOL_CONVERSION = YES;
				CLANG_WARN_COMMA = YES;
				CLANG_WARN_CONSTANT_CONVERSION = YES;
				CLANG_WARN_DEPRECATED_OBJC_IMPLEMENTATIONS = YES;
				CLANG_WARN_DIRECT_OBJC_ISA_USAGE = YES_ERROR;
				CLANG_WARN_DOCUMENTATION_COMMENTS = YES;
				CLANG_WARN_EMPTY_BODY = YES;
				CLANG_WARN_ENUM_CONVERSION = YES;
				CLANG_WARN_INFINITE_RECURSION = YES;
				CLANG_WARN_INT_CONVERSION = YES;
				CLANG_WARN_NON_LITERAL_NULL_CONVERSION = YES;
				CLANG_WARN_OBJC_IMPLICIT_RETAIN_SELF = YES;
				CLANG_WARN_OBJC_LITERAL_CONVERSION = YES;
				CLANG_WARN_OBJC_ROOT_CLASS = YES_ERROR;
				CLANG_WARN_QUOTED_INCLUDE_IN_FRAMEWORK_HEADER = YES;
				CLANG_WARN_RANGE_LOOP_ANALYSIS = YES;
				CLANG_WARN_STRICT_PROTOTYPES = YES;
				CLANG_WARN_SUSPICIOUS_MOVE = YES;
				CLANG_WARN_UNGUARDED_AVAILABILITY = YES_AGGRESSIVE;
				CLANG_WARN_UNREACHABLE_CODE = YES;
				CLANG_WARN__DUPLICATE_METHOD_MATCH = YES;
				COPY_PHASE_STRIP = NO;
				DEBUG_INFORMATION_FORMAT = "dwarf-with-dsym";
				ENABLE_NS_ASSERTIONS = NO;
				ENABLE_STRICT_OBJC_MSGSEND = YES;
				GCC_C_LANGUAGE_STANDARD = gnu11;
				GCC_NO_COMMON_BLOCKS = YES;
				GCC_WARN_64_TO_32_BIT_CONVERSION = YES;
				GCC_WARN_ABOUT_RETURN_TYPE = YES_ERROR;
				GCC_WARN_UNDECLARED_SELECTOR = YES;
				GCC_WARN_UNINITIALIZED_AUTOS = YES_AGGRESSIVE;
				GCC_WARN_UNUSED_FUNCTION = YES;
				GCC_WARN_UNUSED_VARIABLE = YES;
				MACOSX_DEPLOYMENT_TARGET = 12.6;
				MTL_ENABLE_DEBUG_INFO = NO;
				MTL_FAST_MATH = YES;
				SDKROOT = macosx;
			};
			name = Release;
		};
		8DD3437A2A12757F001F5E0F /* Debug */ = {
			isa = XCBuildConfiguration;
			buildSettings = {
				CODE_SIGN_STYLE = Automatic;
				PRODUCT_NAME = "$(TARGET_NAME)";
				SYSTEM_HEADER_SEARCH_PATHS = "$(SRCROOT)/Coulomb-Energy-Minimizer/include";
			};
			name = Debug;
		};
		8DD3437B2A12757F001F5E0F /* Release */ = {
			isa = XCBuildConfiguration;
			buildSettings = {
				CODE_SIGN_STYLE = Automatic;
				PRODUCT_NAME = "$(TARGET_NAME)";
				SYSTEM_HEADER_SEARCH_PATHS = "$(SRCROOT)/Coulomb-Energy-Minimizer/include";
			};
			name = Release;
		};
/* End XCBuildConfiguration section */

/* Begin XCConfigurationList section */
		8DD3436D2A12757F001F5E0F /* Build configuration list for PBXProject "Coulomb-Energy-Minimizer" */ = {
			isa = XCConfigurationList;
			buildConfigurations = (
				8DD343772A12757F001F5E0F /* Debug */,
				8DD343782A12757F001F5E0F /* Release */,
			);
			defaultConfigurationIsVisible = 0;
			defaultConfigurationName = Release;
		};
		8DD343792A12757F001F5E0F /* Build configuration list for PBXNativeTarget "Coulomb-Energy-Minimizer" */ = {
			isa = XCConfigurationList;
			buildConfigurations = (
				8DD3437A2A12757F001F5E0F /* Debug */,
				8DD3437B2A12757F001F5E0F /* Release */,
			);
			defaultConfigurationIsVisible = 0;
			defaultConfigurationName = Release;
		};
/* End XCConfigurationList section */
	};
	rootObject = 8DD3436A2A12757F001F5E0F /* Project object */;
}
